
Microsoft Visual Studio Solution File, Format Version 12.00
# Visual Studio Version 16
VisualStudioVersion = 16.0.31424.327
MinimumVisualStudioVersion = 10.0.40219.1
Project("{FAE04EC0-301F-11D3-BF4B-00C04F79EFBC}") = "Api.Invest", "src\Api.Invest\Api.Invest.csproj", "{3E4DB5CA-59D3-401A-AF91-816F8EAB7EA0}"
EndProject
Global
	GlobalSection(SolutionConfigurationPlatforms) = preSolution
		Debug|Any CPU = Debug|Any CPU
		Release|Any CPU = Release|Any CPU
	EndGlobalSection
	GlobalSection(ProjectConfigurationPlatforms) = postSolution
		{3E4DB5CA-59D3-401A-AF91-816F8EAB7EA0}.Debug|Any CPU.ActiveCfg = Debug|Any CPU
		{3E4DB5CA-59D3-401A-AF91-816F8EAB7EA0}.Debug|Any CPU.Build.0 = Debug|Any CPU
		{3E4DB5CA-59D3-401A-AF91-816F8EAB7EA0}.Release|Any CPU.ActiveCfg = Release|Any CPU
		{3E4DB5CA-59D3-401A-AF91-816F8EAB7EA0}.Release|Any CPU.Build.0 = Release|Any CPU
	EndGlobalSection
	GlobalSection(SolutionProperties) = preSolution
		HideSolutionNode = FALSE
	EndGlobalSection
	GlobalSection(ExtensibilityGlobals) = postSolution
		SolutionGuid = {6371B647-6D76-498A-806E-C11F690DC576}
	EndGlobalSection
EndGlobal
